PODS:
  - YogaSwift (0.0.1):
    - YogaSwift/yoga (= 0.0.1)
  - YogaSwift/yoga (0.0.1)

DEPENDENCIES:
  - YogaSwift (from `../`)

EXTERNAL SOURCES:
  YogaSwift:
    :path: "../"

SPEC CHECKSUMS:
  YogaSwift: d474c5f7b294919e8be4a40f29736a8a1a93ea40

PODFILE CHECKSUM: b34a17d91ecb30a68a00811b6cd420a3a0530b1f

COCOAPODS: 1.15.2
