PODS:
  - FBSnapshotTestCase (2.1.4):
    - FBSnapshotTestCase/SwiftSupport (= 2.1.4)
  - FBSnapshotTestCase/Core (2.1.4)
  - FBSnapshotTestCase/SwiftSupport (2.1.4):
    - FBSnapshotTestCase/Core
  - LookinServer (1.0.0)
  - Nimble (7.3.4)
  - Nimble-Snapshots (6.3.0):
    - Nimble-Snapshots/Core (= 6.3.0)
  - Nimble-Snapshots/Core (6.3.0):
    - FBSnapshotTestCase (~> 2.0)
    - Nimble (~> 7.0)
  - Quick (1.2.0)
  - YogaSwift (0.0.1)

DEPENDENCIES:
  - FBSnapshotTestCase (~> 2.1.4)
  - LookinServer
  - Nimble (~> 7.0)
  - Nimble-Snapshots (~> 6.3.0)
  - Quick (~> 1.2.0)
  - YogaSwift (from `../`)

SPEC REPOS:
  trunk:
    - FBSnapshotTestCase
    - LookinServer
    - Nimble
    - Nimble-Snapshots
    - Quick

EXTERNAL SOURCES:
  YogaSwift:
    :path: "../"

SPEC CHECKSUMS:
  FBSnapshotTestCase: 094f9f314decbabe373b87cc339bea235a63e07a
  LookinServer: 0002891cd3cec5e082a910e897dfe71b4f06b89e
  Nimble: 051e3d8912d40138fa5591c78594f95fb172af37
  Nimble-Snapshots: f5459b5b091678dc942d03ec4741cacb58ba4a52
  Quick: 58d203b1c5e27fff7229c4c1ae445ad7069a7a08
  YogaSwift: dca3083d173deabf8b60ac98700c4de274b6392a

PODFILE CHECKSUM: 5e78a0d4139f8f1dd39d419cae51e4696a8c7ee1

COCOAPODS: 1.15.2
